
Microsoft Visual Studio Solution File, Format Version 12.00
# Visual Studio Version 17
VisualStudioVersion = 17.7.34031.279
MinimumVisualStudioVersion = 10.0.40219.1
Project("{FAE04EC0-301F-11D3-BF4B-00C04F79EFBC}") = "LAB_3.1", "LAB_3.1\LAB_3.1.csproj", "{4914BC2C-24CC-45E3-BDC6-6B02731F33E6}"
EndProject
Global
	GlobalSection(SolutionConfigurationPlatforms) = preSolution
		Debug|Any CPU = Debug|Any CPU
		Release|Any CPU = Release|Any CPU
	EndGlobalSection
	GlobalSection(ProjectConfigurationPlatforms) = postSolution
		{4914BC2C-24CC-45E3-BDC6-6B02731F33E6}.Debug|Any CPU.ActiveCfg = Debug|Any CPU
		{4914BC2C-24CC-45E3-BDC6-6B02731F33E6}.Debug|Any CPU.Build.0 = Debug|Any CPU
		{4914BC2C-24CC-45E3-BDC6-6B02731F33E6}.Release|Any CPU.ActiveCfg = Release|Any CPU
		{4914BC2C-24CC-45E3-BDC6-6B02731F33E6}.Release|Any CPU.Build.0 = Release|Any CPU
	EndGlobalSection
	GlobalSection(SolutionProperties) = preSolution
		HideSolutionNode = FALSE
	EndGlobalSection
	GlobalSection(ExtensibilityGlobals) = postSolution
		SolutionGuid = {A6D818AF-C70A-4AC8-9016-613998846ED0}
	EndGlobalSection
EndGlobal
